
Microsoft Visual Studio Solution File, Format Version 12.00
# Visual Studio Version 16
VisualStudioVersion = 16.0.28803.202
MinimumVisualStudioVersion = 10.0.40219.1
Project("{FAE04EC0-301F-11D3-BF4B-00C04F79EFBC}") = "TaskListWebAPI", "TaskListWebAPI\TaskListWebAPI.csproj", "{C9773937-4CBC-42ED-A1C4-A1EC72CDAA31}"
EndProject
Global
	GlobalSection(SolutionConfigurationPlatforms) = preSolution
		Debug|Any CPU = Debug|Any CPU
		Release|Any CPU = Release|Any CPU
	EndGlobalSection
	GlobalSection(ProjectConfigurationPlatforms) = postSolution
		{C9773937-4CBC-42ED-A1C4-A1EC72CDAA31}.Debug|Any CPU.ActiveCfg = Debug|Any CPU
		{C9773937-4CBC-42ED-A1C4-A1EC72CDAA31}.Debug|Any CPU.Build.0 = Debug|Any CPU
		{C9773937-4CBC-42ED-A1C4-A1EC72CDAA31}.Release|Any CPU.ActiveCfg = Release|Any CPU
		{C9773937-4CBC-42ED-A1C4-A1EC72CDAA31}.Release|Any CPU.Build.0 = Release|Any CPU
	EndGlobalSection
	GlobalSection(SolutionProperties) = preSolution
		HideSolutionNode = FALSE
	EndGlobalSection
	GlobalSection(ExtensibilityGlobals) = postSolution
		SolutionGuid = {1177879B-9B0D-4F3B-99FD-15419D97E376}
	EndGlobalSection
EndGlobal
